
Microsoft Visual Studio Solution File, Format Version 12.00
# Visual Studio Version 17
VisualStudioVersion = 17.1.32421.90
MinimumVisualStudioVersion = 10.0.40219.1
Project("{FAE04EC0-301F-11D3-BF4B-00C04F79EFBC}") = "InAndOut", "InAndOut\InAndOut.csproj", "{F3C40E71-6DE9-4C0D-9A53-0136E0B4EDA3}"
EndProject
Global
	GlobalSection(SolutionConfigurationPlatforms) = preSolution
		Debug|Any CPU = Debug|Any CPU
		Release|Any CPU = Release|Any CPU
	EndGlobalSection
	GlobalSection(ProjectConfigurationPlatforms) = postSolution
		{F3C40E71-6DE9-4C0D-9A53-0136E0B4EDA3}.Debug|Any CPU.ActiveCfg = Debug|Any CPU
		{F3C40E71-6DE9-4C0D-9A53-0136E0B4EDA3}.Debug|Any CPU.Build.0 = Debug|Any CPU
		{F3C40E71-6DE9-4C0D-9A53-0136E0B4EDA3}.Release|Any CPU.ActiveCfg = Release|Any CPU
		{F3C40E71-6DE9-4C0D-9A53-0136E0B4EDA3}.Release|Any CPU.Build.0 = Release|Any CPU
	EndGlobalSection
	GlobalSection(SolutionProperties) = preSolution
		HideSolutionNode = FALSE
	EndGlobalSection
	GlobalSection(ExtensibilityGlobals) = postSolution
		SolutionGuid = {B9C344D3-8C90-44C4-8F55-890D8EF417B0}
	EndGlobalSection
EndGlobal
